
Microsoft Visual Studio Solution File, Format Version 12.00
# Visual Studio Version 17
VisualStudioVersion = 17.14.36127.28
MinimumVisualStudioVersion = 10.0.40219.1
Project("{FAE04EC0-301F-11D3-BF4B-00C04F79EFBC}") = "RiotApiStats", "RiotApiStats.csproj", "{1395C318-21B6-4E27-A9DB-BE6656C3413F}"
EndProject
Global
	GlobalSection(SolutionConfigurationPlatforms) = preSolution
		Debug|Any CPU = Debug|Any CPU
		Release|Any CPU = Release|Any CPU
	EndGlobalSection
	GlobalSection(ProjectConfigurationPlatforms) = postSolution
		{1395C318-21B6-4E27-A9DB-BE6656C3413F}.Debug|Any CPU.ActiveCfg = Debug|Any CPU
		{1395C318-21B6-4E27-A9DB-BE6656C3413F}.Debug|Any CPU.Build.0 = Debug|Any CPU
		{1395C318-21B6-4E27-A9DB-BE6656C3413F}.Release|Any CPU.ActiveCfg = Release|Any CPU
		{1395C318-21B6-4E27-A9DB-BE6656C3413F}.Release|Any CPU.Build.0 = Release|Any CPU
	EndGlobalSection
	GlobalSection(SolutionProperties) = preSolution
		HideSolutionNode = FALSE
	EndGlobalSection
	GlobalSection(ExtensibilityGlobals) = postSolution
		SolutionGuid = {3F0CDA6F-81A1-4078-9118-1118C9A66EE8}
	EndGlobalSection
EndGlobal
